# This file is machine-generated by `gh actions-lock`.
# Do not edit by hand; run `gh actions-lock` to update.
# Docs: https://gh.io/actions-lockfile
version: 'v0.0.2'
workflows:
    '.github/workflows/codeql.yml':
        - 'actions/checkout@v6.0.3'
        - 'github/codeql-action@v4.37.7'
    '.github/workflows/nosetests.yml':
        - 'actions/checkout@v2.8.0'
        - 'actions/setup-python@v2.3.4'
    '.github/workflows/update-lists.yaml':
        - 'actions/attest@v4.2.2'
        - 'actions/cache@v6.1.0'
        - 'actions/checkout@v6.0.3'
        - 'actions/download-artifact@v8.0.1'
        - 'actions/setup-python@v7.0.0'
        - 'actions/upload-artifact@v7.0.1'
        - 'step-security/harden-runner@v2.20.1'
    '.github/workflows/validate-lists.yaml':
        - 'actions/checkout@v6.0.3'
        - 'actions/setup-python@v7.0.0'
        - 'step-security/harden-runner@v2.20.1'
dependencies:
    'actions/attest@v4.2.2':
        ref: 'v4.2.2'
        commit: 'sha1-1e69f48acb82d1966a394da916b4c1698aa569d6'
        owner_id: 44036562
        repo_id: 760701061
    'actions/cache@v6.1.0':
        ref: 'v6.1.0'
        commit: 'sha1-55cc8345863c7cc4c66a329aec7e433d2d1c52a9'
        owner_id: 44036562
        repo_id: 215566462
    'actions/checkout@v2.8.0':
        ref: 'v2.8.0'
        commit: 'sha1-0717577d45739eb3c851188b29f50ed6c0b2194e'
        owner_id: 44036562
        repo_id: 197814629
    'actions/checkout@v6.0.3':
        ref: 'v6.0.3'
        commit: 'sha1-df4cb1c069e1874edd31b4311f1884172cec0e10'
        owner_id: 44036562
        repo_id: 197814629
    'actions/download-artifact@v8.0.1':
        ref: 'v8.0.1'
        commit: 'sha1-3e5f45b2cfb9172054b4087a40e8e0b5a5461e7c'
        owner_id: 44036562
        repo_id: 192626254
    'actions/setup-python@v2.3.4':
        ref: 'v2.3.4'
        commit: 'sha1-e9aba2c848f5ebd159c070c61ea2c4e2b122355e'
        owner_id: 44036562
        repo_id: 192625525
    'actions/setup-python@v7.0.0':
        ref: 'v7.0.0'
        commit: 'sha1-5fda3b95a4ea91299a34e894583c3862153e4b97'
        owner_id: 44036562
        repo_id: 192625525
    'actions/upload-artifact@v7.0.1':
        ref: 'v7.0.1'
        commit: 'sha1-043fb46d1a93c77aae656e7c1c64a875d1fc6a0a'
        owner_id: 44036562
        repo_id: 192625955
    'github/codeql-action@v4.37.7':
        ref: 'v4.37.7'
        commit: 'sha1-ff2f1c621b7f889edc0d3c761ac2e6a3f8cdb0dd'
        owner_id: 9919
        repo_id: 259445878
    'step-security/harden-runner@v2.20.1':
        ref: 'v2.20.1'
        commit: 'sha1-b09bb98e06d4d774595224525879c09bc6e98c40'
        owner_id: 88700172
        repo_id: 422287306
